github.com/shermp/go-fbink-v2 v1.20.2 h1:EtRKDZwrc8fkNGDZppsYB2nxcMosYU7hqYLovMP78/4=
github.com/shermp/go-fbink-v2 v1.20.2/go.mod h1:88bOAwruwze/4JB/KW8uoyPtWm5OPa1BZEraFMHJgpQ=
github.com/shermp/go-kobo-input v0.0.0-20180928074949-be0734a2dcc6 h1:Tf6xr3SyROl/gYEbLVVRoASIuehPrjzq1y3P7krVqlo=
github.com/shermp/go-kobo-input v0.0.0-20180928074949-be0734a2dcc6/go.mod h1:DuK6sbQLR5V3MLqWS8y+wYaFj4KIyPeNMe5HrOgRH2w=
